
Microsoft Visual Studio Solution File, Format Version 12.00
# Visual Studio 15
VisualStudioVersion = 15.0.26124.0
MinimumVisualStudioVersion = 15.0.26124.0
Project("{FAE04EC0-301F-11D3-BF4B-00C04F79EFBC}") = "Northwind.Api.Models", "Northwind.Api.Models\Northwind.Api.Models.csproj", "{7B85A715-CC68-41B0-9671-EC9A9361F89D}"
EndProject
Project("{FAE04EC0-301F-11D3-BF4B-00C04F79EFBC}") = "Northwind.Api", "Northwind.Api\Northwind.Api.csproj", "{123332E7-1951-40AD-BE22-1532190ECA37}"
EndProject
Project("{FAE04EC0-301F-11D3-BF4B-00C04F79EFBC}") = "Northwind.Api.Repository", "Northwind.Api.Repository\Northwind.Api.Repository.csproj", "{407B2A9F-CDE8-4918-ADA0-201FF8E8D982}"
EndProject
Project("{FAE04EC0-301F-11D3-BF4B-00C04F79EFBC}") = "Northwind.Api.Repository.Mysql", "Northwind.Api.Repository.Mysql\Northwind.Api.Repository.Mysql.csproj", "{990004EC-2428-4ED3-B36E-69FF5A5A7A8F}"
EndProject
Project("{FAE04EC0-301F-11D3-BF4B-00C04F79EFBC}") = "Northwind.Api.Integration.Test", "Northwind.Api.Integration.Test\Northwind.Api.Integration.Test.csproj", "{0B1F00BD-D878-4F89-AED4-E67BD14C0DF1}"
EndProject
Global
	GlobalSection(SolutionConfigurationPlatforms) = preSolution
		Debug|Any CPU = Debug|Any CPU
		Debug|x64 = Debug|x64
		Debug|x86 = Debug|x86
		Release|Any CPU = Release|Any CPU
		Release|x64 = Release|x64
		Release|x86 = Release|x86
	EndGlobalSection
	GlobalSection(SolutionProperties) = preSolution
		HideSolutionNode = FALSE
	EndGlobalSection
	GlobalSection(ProjectConfigurationPlatforms) = postSolution
		{7B85A715-CC68-41B0-9671-EC9A9361F89D}.Debug|Any CPU.ActiveCfg = Debug|Any CPU
		{7B85A715-CC68-41B0-9671-EC9A9361F89D}.Debug|Any CPU.Build.0 = Debug|Any CPU
		{7B85A715-CC68-41B0-9671-EC9A9361F89D}.Debug|x64.ActiveCfg = Debug|Any CPU
		{7B85A715-CC68-41B0-9671-EC9A9361F89D}.Debug|x64.Build.0 = Debug|Any CPU
		{7B85A715-CC68-41B0-9671-EC9A9361F89D}.Debug|x86.ActiveCfg = Debug|Any CPU
		{7B85A715-CC68-41B0-9671-EC9A9361F89D}.Debug|x86.Build.0 = Debug|Any CPU
		{7B85A715-CC68-41B0-9671-EC9A9361F89D}.Release|Any CPU.ActiveCfg = Release|Any CPU
		{7B85A715-CC68-41B0-9671-EC9A9361F89D}.Release|Any CPU.Build.0 = Release|Any CPU
		{7B85A715-CC68-41B0-9671-EC9A9361F89D}.Release|x64.ActiveCfg = Release|Any CPU
		{7B85A715-CC68-41B0-9671-EC9A9361F89D}.Release|x64.Build.0 = Release|Any CPU
		{7B85A715-CC68-41B0-9671-EC9A9361F89D}.Release|x86.ActiveCfg = Release|Any CPU
		{7B85A715-CC68-41B0-9671-EC9A9361F89D}.Release|x86.Build.0 = Release|Any CPU
		{123332E7-1951-40AD-BE22-1532190ECA37}.Debug|Any CPU.ActiveCfg = Debug|Any CPU
		{123332E7-1951-40AD-BE22-1532190ECA37}.Debug|Any CPU.Build.0 = Debug|Any CPU
		{123332E7-1951-40AD-BE22-1532190ECA37}.Debug|x64.ActiveCfg = Debug|Any CPU
		{123332E7-1951-40AD-BE22-1532190ECA37}.Debug|x64.Build.0 = Debug|Any CPU
		{123332E7-1951-40AD-BE22-1532190ECA37}.Debug|x86.ActiveCfg = Debug|Any CPU
		{123332E7-1951-40AD-BE22-1532190ECA37}.Debug|x86.Build.0 = Debug|Any CPU
		{123332E7-1951-40AD-BE22-1532190ECA37}.Release|Any CPU.ActiveCfg = Release|Any CPU
		{123332E7-1951-40AD-BE22-1532190ECA37}.Release|Any CPU.Build.0 = Release|Any CPU
		{123332E7-1951-40AD-BE22-1532190ECA37}.Release|x64.ActiveCfg = Release|Any CPU
		{123332E7-1951-40AD-BE22-1532190ECA37}.Release|x64.Build.0 = Release|Any CPU
		{123332E7-1951-40AD-BE22-1532190ECA37}.Release|x86.ActiveCfg = Release|Any CPU
		{123332E7-1951-40AD-BE22-1532190ECA37}.Release|x86.Build.0 = Release|Any CPU
		{407B2A9F-CDE8-4918-ADA0-201FF8E8D982}.Debug|Any CPU.ActiveCfg = Debug|Any CPU
		{407B2A9F-CDE8-4918-ADA0-201FF8E8D982}.Debug|Any CPU.Build.0 = Debug|Any CPU
		{407B2A9F-CDE8-4918-ADA0-201FF8E8D982}.Debug|x64.ActiveCfg = Debug|Any CPU
		{407B2A9F-CDE8-4918-ADA0-201FF8E8D982}.Debug|x64.Build.0 = Debug|Any CPU
		{407B2A9F-CDE8-4918-ADA0-201FF8E8D982}.Debug|x86.ActiveCfg = Debug|Any CPU
		{407B2A9F-CDE8-4918-ADA0-201FF8E8D982}.Debug|x86.Build.0 = Debug|Any CPU
		{407B2A9F-CDE8-4918-ADA0-201FF8E8D982}.Release|Any CPU.ActiveCfg = Release|Any CPU
		{407B2A9F-CDE8-4918-ADA0-201FF8E8D982}.Release|Any CPU.Build.0 = Release|Any CPU
		{407B2A9F-CDE8-4918-ADA0-201FF8E8D982}.Release|x64.ActiveCfg = Release|Any CPU
		{407B2A9F-CDE8-4918-ADA0-201FF8E8D982}.Release|x64.Build.0 = Release|Any CPU
		{407B2A9F-CDE8-4918-ADA0-201FF8E8D982}.Release|x86.ActiveCfg = Release|Any CPU
		{407B2A9F-CDE8-4918-ADA0-201FF8E8D982}.Release|x86.Build.0 = Release|Any CPU
		{990004EC-2428-4ED3-B36E-69FF5A5A7A8F}.Debug|Any CPU.ActiveCfg = Debug|Any CPU
		{990004EC-2428-4ED3-B36E-69FF5A5A7A8F}.Debug|Any CPU.Build.0 = Debug|Any CPU
		{990004EC-2428-4ED3-B36E-69FF5A5A7A8F}.Debug|x64.ActiveCfg = Debug|Any CPU
		{990004EC-2428-4ED3-B36E-69FF5A5A7A8F}.Debug|x64.Build.0 = Debug|Any CPU
		{990004EC-2428-4ED3-B36E-69FF5A5A7A8F}.Debug|x86.ActiveCfg = Debug|Any CPU
		{990004EC-2428-4ED3-B36E-69FF5A5A7A8F}.Debug|x86.Build.0 = Debug|Any CPU
		{990004EC-2428-4ED3-B36E-69FF5A5A7A8F}.Release|Any CPU.ActiveCfg = Release|Any CPU
		{990004EC-2428-4ED3-B36E-69FF5A5A7A8F}.Release|Any CPU.Build.0 = Release|Any CPU
		{990004EC-2428-4ED3-B36E-69FF5A5A7A8F}.Release|x64.ActiveCfg = Release|Any CPU
		{990004EC-2428-4ED3-B36E-69FF5A5A7A8F}.Release|x64.Build.0 = Release|Any CPU
		{990004EC-2428-4ED3-B36E-69FF5A5A7A8F}.Release|x86.ActiveCfg = Release|Any CPU
		{990004EC-2428-4ED3-B36E-69FF5A5A7A8F}.Release|x86.Build.0 = Release|Any CPU
		{0B1F00BD-D878-4F89-AED4-E67BD14C0DF1}.Debug|Any CPU.ActiveCfg = Debug|Any CPU
		{0B1F00BD-D878-4F89-AED4-E67BD14C0DF1}.Debug|Any CPU.Build.0 = Debug|Any CPU
		{0B1F00BD-D878-4F89-AED4-E67BD14C0DF1}.Debug|x64.ActiveCfg = Debug|Any CPU
		{0B1F00BD-D878-4F89-AED4-E67BD14C0DF1}.Debug|x64.Build.0 = Debug|Any CPU
		{0B1F00BD-D878-4F89-AED4-E67BD14C0DF1}.Debug|x86.ActiveCfg = Debug|Any CPU
		{0B1F00BD-D878-4F89-AED4-E67BD14C0DF1}.Debug|x86.Build.0 = Debug|Any CPU
		{0B1F00BD-D878-4F89-AED4-E67BD14C0DF1}.Release|Any CPU.ActiveCfg = Release|Any CPU
		{0B1F00BD-D878-4F89-AED4-E67BD14C0DF1}.Release|Any CPU.Build.0 = Release|Any CPU
		{0B1F00BD-D878-4F89-AED4-E67BD14C0DF1}.Release|x64.ActiveCfg = Release|Any CPU
		{0B1F00BD-D878-4F89-AED4-E67BD14C0DF1}.Release|x64.Build.0 = Release|Any CPU
		{0B1F00BD-D878-4F89-AED4-E67BD14C0DF1}.Release|x86.ActiveCfg = Release|Any CPU
		{0B1F00BD-D878-4F89-AED4-E67BD14C0DF1}.Release|x86.Build.0 = Release|Any CPU
	EndGlobalSection
EndGlobal
